
Microsoft Visual Studio Solution File, Format Version 12.00
# Visual Studio Version 17
VisualStudioVersion = 17.5.33502.453
MinimumVisualStudioVersion = 10.0.40219.1
Project("{9A19103F-16F7-4668-BE54-9A1E7A4F7556}") = "AuthenticationCookie", "AuthenticationCookie\AuthenticationCookie.csproj", "{C5B05061-86DB-419F-8524-1B7BA7284401}"
EndProject
Global
	GlobalSection(SolutionConfigurationPlatforms) = preSolution
		Debug|Any CPU = Debug|Any CPU
		Release|Any CPU = Release|Any CPU
	EndGlobalSection
	GlobalSection(ProjectConfigurationPlatforms) = postSolution
		{C5B05061-86DB-419F-8524-1B7BA7284401}.Debug|Any CPU.ActiveCfg = Debug|Any CPU
		{C5B05061-86DB-419F-8524-1B7BA7284401}.Debug|Any CPU.Build.0 = Debug|Any CPU
		{C5B05061-86DB-419F-8524-1B7BA7284401}.Release|Any CPU.ActiveCfg = Release|Any CPU
		{C5B05061-86DB-419F-8524-1B7BA7284401}.Release|Any CPU.Build.0 = Release|Any CPU
	EndGlobalSection
	GlobalSection(SolutionProperties) = preSolution
		HideSolutionNode = FALSE
	EndGlobalSection
	GlobalSection(ExtensibilityGlobals) = postSolution
		SolutionGuid = {16E37E3F-A778-4DF6-9AB4-D89DA6BC330E}
	EndGlobalSection
EndGlobal
